
Microsoft Visual Studio Solution File, Format Version 12.00
# Visual Studio Version 16
VisualStudioVersion = 16.0.29326.143
MinimumVisualStudioVersion = 10.0.40219.1
Project("{FAE04EC0-301F-11D3-BF4B-00C04F79EFBC}") = "testAPI", "testAPI\testAPI.csproj", "{6F31D62E-DF72-4D15-B7E0-0E9D2C9F9A10}"
EndProject
Global
	GlobalSection(SolutionConfigurationPlatforms) = preSolution
		Debug|Any CPU = Debug|Any CPU
		Release|Any CPU = Release|Any CPU
	EndGlobalSection
	GlobalSection(ProjectConfigurationPlatforms) = postSolution
		{6F31D62E-DF72-4D15-B7E0-0E9D2C9F9A10}.Debug|Any CPU.ActiveCfg = Debug|Any CPU
		{6F31D62E-DF72-4D15-B7E0-0E9D2C9F9A10}.Debug|Any CPU.Build.0 = Debug|Any CPU
		{6F31D62E-DF72-4D15-B7E0-0E9D2C9F9A10}.Release|Any CPU.ActiveCfg = Release|Any CPU
		{6F31D62E-DF72-4D15-B7E0-0E9D2C9F9A10}.Release|Any CPU.Build.0 = Release|Any CPU
	EndGlobalSection
	GlobalSection(SolutionProperties) = preSolution
		HideSolutionNode = FALSE
	EndGlobalSection
	GlobalSection(ExtensibilityGlobals) = postSolution
		SolutionGuid = {263D05AF-87BC-4E97-B7D5-FAC1C0692FAD}
	EndGlobalSection
EndGlobal
